
Microsoft Visual Studio Solution File, Format Version 12.00
Project("{FAE04EC0-301F-11D3-BF4B-00C04F79EFBC}") = "Synapse.Shared", "Synapse.Shared.csproj", "{3B4EEBAD-190F-491A-8DD6-35F1BC2ABDAB}"
EndProject
Global
	GlobalSection(SolutionConfigurationPlatforms) = preSolution
		Debug|Any CPU = Debug|Any CPU
		Release|Any CPU = Release|Any CPU
	EndGlobalSection
	GlobalSection(ProjectConfigurationPlatforms) = postSolution
		{3B4EEBAD-190F-491A-8DD6-35F1BC2ABDAB}.Debug|Any CPU.ActiveCfg = Debug|Any CPU
		{3B4EEBAD-190F-491A-8DD6-35F1BC2ABDAB}.Debug|Any CPU.Build.0 = Debug|Any CPU
		{3B4EEBAD-190F-491A-8DD6-35F1BC2ABDAB}.Release|Any CPU.ActiveCfg = Release|Any CPU
		{3B4EEBAD-190F-491A-8DD6-35F1BC2ABDAB}.Release|Any CPU.Build.0 = Release|Any CPU
	EndGlobalSection
EndGlobal
